{
  "nodes": {
    "home-manager": {
      "inputs": {
        "nixpkgs": [
          "nixpkgs"
        ]
      },
      "locked": {
        "lastModified": 1742447757,
        "narHash": "sha256-Q0KXcHQmum8L6IzGhhkVhjFMKY6BvYa/rhmLP26Ws8o=",
        "owner": "nix-community",
        "repo": "home-manager",
        "rev": "94605dcadefeaff6b35c8931c9f38e4f4dc7ad0a",
        "type": "github"
      },
      "original": {
        "owner": "nix-community",
        "repo": "home-manager",
        "type": "github"
      }
    },
    "nixpkgs": {
      "locked": {
        "lastModified": 1742288794,
        "narHash": "sha256-Txwa5uO+qpQXrNG4eumPSD+hHzzYi/CdaM80M9XRLCo=",
        "owner": "nixos",
        "repo": "nixpkgs",
        "rev": "b6eaf97c6960d97350c584de1b6dcff03c9daf42",
        "type": "github"
      },
      "original": {
        "owner": "nixos",
        "ref": "nixos-unstable",
        "repo": "nixpkgs",
        "type": "github"
      }
    },
    "root": {
      "inputs": {
        "home-manager": "home-manager",
        "nixpkgs": "nixpkgs",
        "wallpapers": "wallpapers"
      }
    },
    "wallpapers": {
      "flake": false,
      "locked": {
        "lastModified": 1697527800,
        "narHash": "sha256-ssOgeg/U4A3Gzk1XQ87HgbBIu2UmI/wRVewFXe0jwdg=",
        "owner": "syryuauros",
        "repo": "mywallpapers",
        "rev": "a1de92adac022fdcba574f2ac8d036167b787ac7",
        "type": "github"
      },
      "original": {
        "owner": "syryuauros",
        "repo": "mywallpapers",
        "type": "github"
      }
    }
  },
  "root": "root",
  "version": 7
}
